
Microsoft Visual Studio Solution File, Format Version 9.00
# Visual Studio 2005
Project("{8BC9CEB8-8B4A-11D0-8D11-00A0C91BC942}") = "profiler", "profiler.vcproj", "{BBBBDC88-E9A9-4342-A0E1-2E1516C8299F}"
EndProject
Global
	GlobalSection(SolutionConfigurationPlatforms) = preSolution
		Debug|Win32 = Debug|Win32
		Release|Win32 = Release|Win32
	EndGlobalSection
	GlobalSection(ProjectConfigurationPlatforms) = postSolution
		{BBBBDC88-E9A9-4342-A0E1-2E1516C8299F}.Debug|Win32.ActiveCfg = Debug|Win32
		{BBBBDC88-E9A9-4342-A0E1-2E1516C8299F}.Debug|Win32.Build.0 = Debug|Win32
		{BBBBDC88-E9A9-4342-A0E1-2E1516C8299F}.Release|Win32.ActiveCfg = Release|Win32
		{BBBBDC88-E9A9-4342-A0E1-2E1516C8299F}.Release|Win32.Build.0 = Release|Win32
	EndGlobalSection
	GlobalSection(SolutionProperties) = preSolution
		HideSolutionNode = FALSE
	EndGlobalSection
EndGlobal
